
Microsoft Visual Studio Solution File, Format Version 12.00
# Visual Studio 15
Project("{FAE04EC0-301F-11D3-BF4B-00C04F79EFBC}") = "EntertainmentHub", "EntertainmentHub.csproj", "{386DFDCA-11F3-490D-8F1A-3E478F3E0ABE}"
EndProject
Global
	GlobalSection(SolutionConfigurationPlatforms) = preSolution
		Debug|Any CPU = Debug|Any CPU
		Release|Any CPU = Release|Any CPU
	EndGlobalSection
	GlobalSection(ProjectConfigurationPlatforms) = postSolution
		{386DFDCA-11F3-490D-8F1A-3E478F3E0ABE}.Debug|Any CPU.ActiveCfg = Debug|Any CPU
		{386DFDCA-11F3-490D-8F1A-3E478F3E0ABE}.Debug|Any CPU.Build.0 = Debug|Any CPU
		{386DFDCA-11F3-490D-8F1A-3E478F3E0ABE}.Release|Any CPU.ActiveCfg = Release|Any CPU
		{386DFDCA-11F3-490D-8F1A-3E478F3E0ABE}.Release|Any CPU.Build.0 = Release|Any CPU
	EndGlobalSection
EndGlobal
